// !$*UTF8*$!
{
	archiveVersion = 1;
	classes = {
	};
	objectVersion = 77;
	objects = {

/* Begin PBXBuildFile section */
		107F6D602D199C0F001A9B4B /* Task.swift in Sources */ = {isa = PBXBuildFile; fileRef = 107F6D5F2D199C0F001A9B4B /* Task.swift */; };
		107F6D622D19A056001A9B4B /* TaskGroup.swift in Sources */ = {isa = PBXBuildFile; fileRef = 107F6D612D19A056001A9B4B /* TaskGroup.swift */; };
		107F6D642D19A360001A9B4B /* TaskSection.swift in Sources */ = {isa = PBXBuildFile; fileRef = 107F6D632D19A360001A9B4B /* TaskSection.swift */; };
/* End PBXBuildFile section */

/* Begin PBXContainerItemProxy section */
		107F6D402D199AA9001A9B4B /* PBXContainerItemProxy */ = {
			isa = PBXContainerItemProxy;
			containerPortal = 107F6D262D199AA8001A9B4B /* Project object */;
			proxyType = 1;
			remoteGlobalIDString = 107F6D2D2D199AA8001A9B4B;
			remoteInfo = taskManager;
		};
		107F6D4A2D199AA9001A9B4B /* PBXContainerItemProxy */ = {
			isa = PBXContainerItemProxy;
			containerPortal = 107F6D262D199AA8001A9B4B /* Project object */;
			proxyType = 1;
			remoteGlobalIDString = 107F6D2D2D199AA8001A9B4B;
			remoteInfo = taskManager;
		};
/* End PBXContainerItemProxy section */

/* Begin PBXFileReference section */
		107F6D2E2D199AA8001A9B4B /* taskManager.app */ = {isa = PBXFileReference; explicitFileType = wrapper.application; includeInIndex = 0; path = taskManager.app; sourceTree = BUILT_PRODUCTS_DIR; };
		107F6D3F2D199AA9001A9B4B /* taskManagerTests.xctest */ = {isa = PBXFileReference; explicitFileType = wrapper.cfbundle; includeInIndex = 0; path = taskManagerTests.xctest; sourceTree = BUILT_PRODUCTS_DIR; };
		107F6D492D199AA9001A9B4B /* taskManagerUITests.xctest */ = {isa = PBXFileReference; explicitFileType = wrapper.cfbundle; includeInIndex = 0; path = taskManagerUITests.xctest; sourceTree = BUILT_PRODUCTS_DIR; };
		107F6D5F2D199C0F001A9B4B /* Task.swift */ = {isa = PBXFileReference; lastKnownFileType = sourcecode.swift; path = Task.swift; sourceTree = "<group>"; };
		107F6D612D19A056001A9B4B /* TaskGroup.swift */ = {isa = PBXFileReference; lastKnownFileType = sourcecode.swift; path = TaskGroup.swift; sourceTree = "<group>"; };
		107F6D632D19A360001A9B4B /* TaskSection.swift */ = {isa = PBXFileReference; lastKnownFileType = sourcecode.swift; path = TaskSection.swift; sourceTree = "<group>"; };
/* End PBXFileReference section */

/* Begin PBXFileSystemSynchronizedRootGroup section */
		107F6D302D199AA8001A9B4B /* taskManager */ = {
			isa = PBXFileSystemSynchronizedRootGroup;
			path = taskManager;
			sourceTree = "<group>";
		};
		107F6D422D199AA9001A9B4B /* taskManagerTests */ = {
			isa = PBXFileSystemSynchronizedRootGroup;
			path = taskManagerTests;
			sourceTree = "<group>";
		};
		107F6D4C2D199AA9001A9B4B /* taskManagerUITests */ = {
			isa = PBXFileSystemSynchronizedRootGroup;
			path = taskManagerUITests;
			sourceTree = "<group>";
		};
/* End PBXFileSystemSynchronizedRootGroup section */

/* Begin PBXFrameworksBuildPhase section */
		107F6D2B2D199AA8001A9B4B /* Frameworks */ = {
			isa = PBXFrameworksBuildPhase;
			buildActionMask = 2147483647;
			files = (
			);
			runOnlyForDeploymentPostprocessing = 0;
		};
		107F6D3C2D199AA9001A9B4B /* Frameworks */ = {
			isa = PBXFrameworksBuildPhase;
			buildActionMask = 2147483647;
			files = (
			);
			runOnlyForDeploymentPostprocessing = 0;
		};
		107F6D462D199AA9001A9B4B /* Frameworks */ = {
			isa = PBXFrameworksBuildPhase;
			buildActionMask = 2147483647;
			files = (
			);
			runOnlyForDeploymentPostprocessing = 0;
		};
/* End PBXFrameworksBuildPhase section */

/* Begin PBXGroup section */
		107F6D252D199AA8001A9B4B = {
			isa = PBXGroup;
			children = (
				107F6D302D199AA8001A9B4B /* taskManager */,
				107F6D422D199AA9001A9B4B /* taskManagerTests */,
				107F6D4C2D199AA9001A9B4B /* taskManagerUITests */,
				107F6D2F2D199AA8001A9B4B /* Products */,
				107F6D5E2D199BDE001A9B4B /* Model */,
			);
			sourceTree = "<group>";
		};
		107F6D2F2D199AA8001A9B4B /* Products */ = {
			isa = PBXGroup;
			children = (
				107F6D2E2D199AA8001A9B4B /* taskManager.app */,
				107F6D3F2D199AA9001A9B4B /* taskManagerTests.xctest */,
				107F6D492D199AA9001A9B4B /* taskManagerUITests.xctest */,
			);
			name = Products;
			sourceTree = "<group>";
		};
		107F6D5E2D199BDE001A9B4B /* Model */ = {
			isa = PBXGroup;
			children = (
				107F6D5F2D199C0F001A9B4B /* Task.swift */,
				107F6D612D19A056001A9B4B /* TaskGroup.swift */,
				107F6D632D19A360001A9B4B /* TaskSection.swift */,
			);
			path = Model;
			sourceTree = "<group>";
		};
/* End PBXGroup section */

/* Begin PBXNativeTarget section */
		107F6D2D2D199AA8001A9B4B /* taskManager */ = {
			isa = PBXNativeTarget;
			buildConfigurationList = 107F6D532D199AA9001A9B4B /* Build configuration list for PBXNativeTarget "taskManager" */;
			buildPhases = (
				107F6D2A2D199AA8001A9B4B /* Sources */,
				107F6D2B2D199AA8001A9B4B /* Frameworks */,
				107F6D2C2D199AA8001A9B4B /* Resources */,
			);
			buildRules = (
			);
			dependencies = (
			);
			fileSystemSynchronizedGroups = (
				107F6D302D199AA8001A9B4B /* taskManager */,
			);
			name = taskManager;
			packageProductDependencies = (
			);
			productName = taskManager;
			productReference = 107F6D2E2D199AA8001A9B4B /* taskManager.app */;
			productType = "com.apple.product-type.application";
		};
		107F6D3E2D199AA9001A9B4B /* taskManagerTests */ = {
			isa = PBXNativeTarget;
			buildConfigurationList = 107F6D562D199AA9001A9B4B /* Build configuration list for PBXNativeTarget "taskManagerTests" */;
			buildPhases = (
				107F6D3B2D199AA9001A9B4B /* Sources */,
				107F6D3C2D199AA9001A9B4B /* Frameworks */,
				107F6D3D2D199AA9001A9B4B /* Resources */,
			);
			buildRules = (
			);
			dependencies = (
				107F6D412D199AA9001A9B4B /* PBXTargetDependency */,
			);
			fileSystemSynchronizedGroups = (
				107F6D422D199AA9001A9B4B /* taskManagerTests */,
			);
			name = taskManagerTests;
			packageProductDependencies = (
			);
			productName = taskManagerTests;
			productReference = 107F6D3F2D199AA9001A9B4B /* taskManagerTests.xctest */;
			productType = "com.apple.product-type.bundle.unit-test";
		};
		107F6D482D199AA9001A9B4B /* taskManagerUITests */ = {
			isa = PBXNativeTarget;
			buildConfigurationList = 107F6D592D199AA9001A9B4B /* Build configuration list for PBXNativeTarget "taskManagerUITests" */;
			buildPhases = (
				107F6D452D199AA9001A9B4B /* Sources */,
				107F6D462D199AA9001A9B4B /* Frameworks */,
				107F6D472D199AA9001A9B4B /* Resources */,
			);
			buildRules = (
			);
			dependencies = (
				107F6D4B2D199AA9001A9B4B /* PBXTargetDependency */,
			);
			fileSystemSynchronizedGroups = (
				107F6D4C2D199AA9001A9B4B /* taskManagerUITests */,
			);
			name = taskManagerUITests;
			packageProductDependencies = (
			);
			productName = taskManagerUITests;
			productReference = 107F6D492D199AA9001A9B4B /* taskManagerUITests.xctest */;
			productType = "com.apple.product-type.bundle.ui-testing";
		};
/* End PBXNativeTarget section */

/* Begin PBXProject section */
		107F6D262D199AA8001A9B4B /* Project object */ = {
			isa = PBXProject;
			attributes = {
				BuildIndependentTargetsInParallel = 1;
				LastSwiftUpdateCheck = 1620;
				LastUpgradeCheck = 1620;
				TargetAttributes = {
					107F6D2D2D199AA8001A9B4B = {
						CreatedOnToolsVersion = 16.2;
					};
					107F6D3E2D199AA9001A9B4B = {
						CreatedOnToolsVersion = 16.2;
						TestTargetID = 107F6D2D2D199AA8001A9B4B;
					};
					107F6D482D199AA9001A9B4B = {
						CreatedOnToolsVersion = 16.2;
						TestTargetID = 107F6D2D2D199AA8001A9B4B;
					};
				};
			};
			buildConfigurationList = 107F6D292D199AA8001A9B4B /* Build configuration list for PBXProject "taskManager" */;
			developmentRegion = en;
			hasScannedForEncodings = 0;
			knownRegions = (
				en,
				Base,
			);
			mainGroup = 107F6D252D199AA8001A9B4B;
			minimizedProjectReferenceProxies = 1;
			preferredProjectObjectVersion = 77;
			productRefGroup = 107F6D2F2D199AA8001A9B4B /* Products */;
			projectDirPath = "";
			projectRoot = "";
			targets = (
				107F6D2D2D199AA8001A9B4B /* taskManager */,
				107F6D3E2D199AA9001A9B4B /* taskManagerTests */,
				107F6D482D199AA9001A9B4B /* taskManagerUITests */,
			);
		};
/* End PBXProject section */

/* Begin PBXResourcesBuildPhase section */
		107F6D2C2D199AA8001A9B4B /* Resources */ = {
			isa = PBXResourcesBuildPhase;
			buildActionMask = 2147483647;
			files = (
			);
			runOnlyForDeploymentPostprocessing = 0;
		};
		107F6D3D2D199AA9001A9B4B /* Resources */ = {
			isa = PBXResourcesBuildPhase;
			buildActionMask = 2147483647;
			files = (
			);
			runOnlyForDeploymentPostprocessing = 0;
		};
		107F6D472D199AA9001A9B4B /* Resources */ = {
			isa = PBXResourcesBuildPhase;
			buildActionMask = 2147483647;
			files = (
			);
			runOnlyForDeploymentPostprocessing = 0;
		};
/* End PBXResourcesBuildPhase section */

/* Begin PBXSourcesBuildPhase section */
		107F6D2A2D199AA8001A9B4B /* Sources */ = {
			isa = PBXSourcesBuildPhase;
			buildActionMask = 2147483647;
			files = (
				107F6D602D199C0F001A9B4B /* Task.swift in Sources */,
				107F6D642D19A360001A9B4B /* TaskSection.swift in Sources */,
				107F6D622D19A056001A9B4B /* TaskGroup.swift in Sources */,
			);
			runOnlyForDeploymentPostprocessing = 0;
		};
		107F6D3B2D199AA9001A9B4B /* Sources */ = {
			isa = PBXSourcesBuildPhase;
			buildActionMask = 2147483647;
			files = (
			);
			runOnlyForDeploymentPostprocessing = 0;
		};
		107F6D452D199AA9001A9B4B /* Sources */ = {
			isa = PBXSourcesBuildPhase;
			buildActionMask = 2147483647;
			files = (
			);
			runOnlyForDeploymentPostprocessing = 0;
		};
/* End PBXSourcesBuildPhase section */

/* Begin PBXTargetDependency section */
		107F6D412D199AA9001A9B4B /* PBXTargetDependency */ = {
			isa = PBXTargetDependency;
			target = 107F6D2D2D199AA8001A9B4B /* taskManager */;
			targetProxy = 107F6D402D199AA9001A9B4B /* PBXContainerItemProxy */;
		};
		107F6D4B2D199AA9001A9B4B /* PBXTargetDependency */ = {
			isa = PBXTargetDependency;
			target = 107F6D2D2D199AA8001A9B4B /* taskManager */;
			targetProxy = 107F6D4A2D199AA9001A9B4B /* PBXContainerItemProxy */;
		};
/* End PBXTargetDependency section */

/* Begin XCBuildConfiguration section */
		107F6D512D199AA9001A9B4B /* Debug */ = {
			isa = XCBuildConfiguration;
			buildSettings = {
				ALWAYS_SEARCH_USER_PATHS = NO;
				ASSETCATALOG_COMPILER_GENERATE_SWIFT_ASSET_SYMBOL_EXTENSIONS = YES;
				CLANG_ANALYZER_NONNULL = YES;
				CLANG_ANALYZER_NUMBER_OBJECT_CONVERSION = YES_AGGRESSIVE;
				CLANG_CXX_LANGUAGE_STANDARD = "gnu++20";
				CLANG_ENABLE_MODULES = YES;
				CLANG_ENABLE_OBJC_ARC = YES;
				CLANG_ENABLE_OBJC_WEAK = YES;
				CLANG_WARN_BLOCK_CAPTURE_AUTORELEASING = YES;
				CLANG_WARN_BOOL_CONVERSION = YES;
				CLANG_WARN_COMMA = YES;
				CLANG_WARN_CONSTANT_CONVERSION = YES;
				CLANG_WARN_DEPRECATED_OBJC_IMPLEMENTATIONS = YES;
				CLANG_WARN_DIRECT_OBJC_ISA_USAGE = YES_ERROR;
				CLANG_WARN_DOCUMENTATION_COMMENTS = YES;
				CLANG_WARN_EMPTY_BODY = YES;
				CLANG_WARN_ENUM_CONVERSION = YES;
				CLANG_WARN_INFINITE_RECURSION = YES;
				CLANG_WARN_INT_CONVERSION = YES;
				CLANG_WARN_NON_LITERAL_NULL_CONVERSION = YES;
				CLANG_WARN_OBJC_IMPLICIT_RETAIN_SELF = YES;
				CLANG_WARN_OBJC_LITERAL_CONVERSION = YES;
				CLANG_WARN_OBJC_ROOT_CLASS = YES_ERROR;
				CLANG_WARN_QUOTED_INCLUDE_IN_FRAMEWORK_HEADER = YES;
				CLANG_WARN_RANGE_LOOP_ANALYSIS = YES;
				CLANG_WARN_STRICT_PROTOTYPES = YES;
				CLANG_WARN_SUSPICIOUS_MOVE = YES;
				CLANG_WARN_UNGUARDED_AVAILABILITY = YES_AGGRESSIVE;
				CLANG_WARN_UNREACHABLE_CODE = YES;
				CLANG_WARN__DUPLICATE_METHOD_MATCH = YES;
				COPY_PHASE_STRIP = NO;
				DEBUG_INFORMATION_FORMAT = dwarf;
				ENABLE_STRICT_OBJC_MSGSEND = YES;
				ENABLE_TESTABILITY = YES;
				ENABLE_USER_SCRIPT_SANDBOXING = YES;
				GCC_C_LANGUAGE_STANDARD = gnu17;
				GCC_DYNAMIC_NO_PIC = NO;
				GCC_NO_COMMON_BLOCKS = YES;
				GCC_OPTIMIZATION_LEVEL = 0;
				GCC_PREPROCESSOR_DEFINITIONS = (
					"DEBUG=1",
					"$(inherited)",
				);
				GCC_WARN_64_TO_32_BIT_CONVERSION = YES;
				GCC_WARN_ABOUT_RETURN_TYPE = YES_ERROR;
				GCC_WARN_UNDECLARED_SELECTOR = YES;
				GCC_WARN_UNINITIALIZED_AUTOS = YES_AGGRESSIVE;
				GCC_WARN_UNUSED_FUNCTION = YES;
				GCC_WARN_UNUSED_VARIABLE = YES;
				LOCALIZATION_PREFERS_STRING_CATALOGS = YES;
				MACOSX_DEPLOYMENT_TARGET = 15.2;
				MTL_ENABLE_DEBUG_INFO = INCLUDE_SOURCE;
				MTL_FAST_MATH = YES;
				ONLY_ACTIVE_ARCH = YES;
				SDKROOT = macosx;
				SWIFT_ACTIVE_COMPILATION_CONDITIONS = "DEBUG $(inherited)";
				SWIFT_OPTIMIZATION_LEVEL = "-Onone";
			};
			name = Debug;
		};
		107F6D522D199AA9001A9B4B /* Release */ = {
			isa = XCBuildConfiguration;
			buildSettings = {
				ALWAYS_SEARCH_USER_PATHS = NO;
				ASSETCATALOG_COMPILER_GENERATE_SWIFT_ASSET_SYMBOL_EXTENSIONS = YES;
				CLANG_ANALYZER_NONNULL = YES;
				CLANG_ANALYZER_NUMBER_OBJECT_CONVERSION = YES_AGGRESSIVE;
				CLANG_CXX_LANGUAGE_STANDARD = "gnu++20";
				CLANG_ENABLE_MODULES = YES;
				CLANG_ENABLE_OBJC_ARC = YES;
				CLANG_ENABLE_OBJC_WEAK = YES;
				CLANG_WARN_BLOCK_CAPTURE_AUTORELEASING = YES;
				CLANG_WARN_BOOL_CONVERSION = YES;
				CLANG_WARN_COMMA = YES;
				CLANG_WARN_CONSTANT_CONVERSION = YES;
				CLANG_WARN_DEPRECATED_OBJC_IMPLEMENTATIONS = YES;
				CLANG_WARN_DIRECT_OBJC_ISA_USAGE = YES_ERROR;
				CLANG_WARN_DOCUMENTATION_COMMENTS = YES;
				CLANG_WARN_EMPTY_BODY = YES;
				CLANG_WARN_ENUM_CONVERSION = YES;
				CLANG_WARN_INFINITE_RECURSION = YES;
				CLANG_WARN_INT_CONVERSION = YES;
				CLANG_WARN_NON_LITERAL_NULL_CONVERSION = YES;
				CLANG_WARN_OBJC_IMPLICIT_RETAIN_SELF = YES;
				CLANG_WARN_OBJC_LITERAL_CONVERSION = YES;
				CLANG_WARN_OBJC_ROOT_CLASS = YES_ERROR;
				CLANG_WARN_QUOTED_INCLUDE_IN_FRAMEWORK_HEADER = YES;
				CLANG_WARN_RANGE_LOOP_ANALYSIS = YES;
				CLANG_WARN_STRICT_PROTOTYPES = YES;
				CLANG_WARN_SUSPICIOUS_MOVE = YES;
				CLANG_WARN_UNGUARDED_AVAILABILITY = YES_AGGRESSIVE;
				CLANG_WARN_UNREACHABLE_CODE = YES;
				CLANG_WARN__DUPLICATE_METHOD_MATCH = YES;
				COPY_PHASE_STRIP = NO;
				DEBUG_INFORMATION_FORMAT = "dwarf-with-dsym";
				ENABLE_NS_ASSERTIONS = NO;
				ENABLE_STRICT_OBJC_MSGSEND = YES;
				ENABLE_USER_SCRIPT_SANDBOXING = YES;
				GCC_C_LANGUAGE_STANDARD = gnu17;
				GCC_NO_COMMON_BLOCKS = YES;
				GCC_WARN_64_TO_32_BIT_CONVERSION = YES;
				GCC_WARN_ABOUT_RETURN_TYPE = YES_ERROR;
				GCC_WARN_UNDECLARED_SELECTOR = YES;
				GCC_WARN_UNINITIALIZED_AUTOS = YES_AGGRESSIVE;
				GCC_WARN_UNUSED_FUNCTION = YES;
				GCC_WARN_UNUSED_VARIABLE = YES;
				LOCALIZATION_PREFERS_STRING_CATALOGS = YES;
				MACOSX_DEPLOYMENT_TARGET = 15.2;
				MTL_ENABLE_DEBUG_INFO = NO;
				MTL_FAST_MATH = YES;
				SDKROOT = macosx;
				SWIFT_COMPILATION_MODE = wholemodule;
			};
			name = Release;
		};
		107F6D542D199AA9001A9B4B /* Debug */ = {
			isa = XCBuildConfiguration;
			buildSettings = {
				ASSETCATALOG_COMPILER_APPICON_NAME = AppIcon;
				ASSETCATALOG_COMPILER_GLOBAL_ACCENT_COLOR_NAME = AccentColor;
				CODE_SIGN_ENTITLEMENTS = taskManager/taskManager.entitlements;
				CODE_SIGN_STYLE = Automatic;
				COMBINE_HIDPI_IMAGES = YES;
				CURRENT_PROJECT_VERSION = 1;
				DEVELOPMENT_ASSET_PATHS = "\"taskManager/Preview Content\"";
				DEVELOPMENT_TEAM = 69YKR4K9LC;
				ENABLE_HARDENED_RUNTIME = YES;
				ENABLE_PREVIEWS = YES;
				GENERATE_INFOPLIST_FILE = YES;
				INFOPLIST_KEY_NSHumanReadableCopyright = "";
				LD_RUNPATH_SEARCH_PATHS = (
					"$(inherited)",
					"@executable_path/../Frameworks",
				);
				MARKETING_VERSION = 1.0;
				PRODUCT_BUNDLE_IDENTIFIER = y4sh.taskManager;
				PRODUCT_NAME = "$(TARGET_NAME)";
				SWIFT_EMIT_LOC_STRINGS = YES;
				SWIFT_VERSION = 5.0;
			};
			name = Debug;
		};
		107F6D552D199AA9001A9B4B /* Release */ = {
			isa = XCBuildConfiguration;
			buildSettings = {
				ASSETCATALOG_COMPILER_APPICON_NAME = AppIcon;
				ASSETCATALOG_COMPILER_GLOBAL_ACCENT_COLOR_NAME = AccentColor;
				CODE_SIGN_ENTITLEMENTS = taskManager/taskManager.entitlements;
				CODE_SIGN_STYLE = Automatic;
				COMBINE_HIDPI_IMAGES = YES;
				CURRENT_PROJECT_VERSION = 1;
				DEVELOPMENT_ASSET_PATHS = "\"taskManager/Preview Content\"";
				DEVELOPMENT_TEAM = 69YKR4K9LC;
				ENABLE_HARDENED_RUNTIME = YES;
				ENABLE_PREVIEWS = YES;
				GENERATE_INFOPLIST_FILE = YES;
				INFOPLIST_KEY_NSHumanReadableCopyright = "";
				LD_RUNPATH_SEARCH_PATHS = (
					"$(inherited)",
					"@executable_path/../Frameworks",
				);
				MARKETING_VERSION = 1.0;
				PRODUCT_BUNDLE_IDENTIFIER = y4sh.taskManager;
				PRODUCT_NAME = "$(TARGET_NAME)";
				SWIFT_EMIT_LOC_STRINGS = YES;
				SWIFT_VERSION = 5.0;
			};
			name = Release;
		};
		107F6D572D199AA9001A9B4B /* Debug */ = {
			isa = XCBuildConfiguration;
			buildSettings = {
				BUNDLE_LOADER = "$(TEST_HOST)";
				CODE_SIGN_STYLE = Automatic;
				CURRENT_PROJECT_VERSION = 1;
				DEVELOPMENT_TEAM = 69YKR4K9LC;
				GENERATE_INFOPLIST_FILE = YES;
				MACOSX_DEPLOYMENT_TARGET = 15.2;
				MARKETING_VERSION = 1.0;
				PRODUCT_BUNDLE_IDENTIFIER = y4sh.taskManagerTests;
				PRODUCT_NAME = "$(TARGET_NAME)";
				SWIFT_EMIT_LOC_STRINGS = NO;
				SWIFT_VERSION = 5.0;
				TEST_HOST = "$(BUILT_PRODUCTS_DIR)/taskManager.app/$(BUNDLE_EXECUTABLE_FOLDER_PATH)/taskManager";
			};
			name = Debug;
		};
		107F6D582D199AA9001A9B4B /* Release */ = {
			isa = XCBuildConfiguration;
			buildSettings = {
				BUNDLE_LOADER = "$(TEST_HOST)";
				CODE_SIGN_STYLE = Automatic;
				CURRENT_PROJECT_VERSION = 1;
				DEVELOPMENT_TEAM = 69YKR4K9LC;
				GENERATE_INFOPLIST_FILE = YES;
				MACOSX_DEPLOYMENT_TARGET = 15.2;
				MARKETING_VERSION = 1.0;
				PRODUCT_BUNDLE_IDENTIFIER = y4sh.taskManagerTests;
				PRODUCT_NAME = "$(TARGET_NAME)";
				SWIFT_EMIT_LOC_STRINGS = NO;
				SWIFT_VERSION = 5.0;
				TEST_HOST = "$(BUILT_PRODUCTS_DIR)/taskManager.app/$(BUNDLE_EXECUTABLE_FOLDER_PATH)/taskManager";
			};
			name = Release;
		};
		107F6D5A2D199AA9001A9B4B /* Debug */ = {
			isa = XCBuildConfiguration;
			buildSettings = {
				CODE_SIGN_STYLE = Automatic;
				CURRENT_PROJECT_VERSION = 1;
				DEVELOPMENT_TEAM = 69YKR4K9LC;
				GENERATE_INFOPLIST_FILE = YES;
				MARKETING_VERSION = 1.0;
				PRODUCT_BUNDLE_IDENTIFIER = y4sh.taskManagerUITests;
				PRODUCT_NAME = "$(TARGET_NAME)";
				SWIFT_EMIT_LOC_STRINGS = NO;
				SWIFT_VERSION = 5.0;
				TEST_TARGET_NAME = taskManager;
			};
			name = Debug;
		};
		107F6D5B2D199AA9001A9B4B /* Release */ = {
			isa = XCBuildConfiguration;
			buildSettings = {
				CODE_SIGN_STYLE = Automatic;
				CURRENT_PROJECT_VERSION = 1;
				DEVELOPMENT_TEAM = 69YKR4K9LC;
				GENERATE_INFOPLIST_FILE = YES;
				MARKETING_VERSION = 1.0;
				PRODUCT_BUNDLE_IDENTIFIER = y4sh.taskManagerUITests;
				PRODUCT_NAME = "$(TARGET_NAME)";
				SWIFT_EMIT_LOC_STRINGS = NO;
				SWIFT_VERSION = 5.0;
				TEST_TARGET_NAME = taskManager;
			};
			name = Release;
		};
/* End XCBuildConfiguration section */

/* Begin XCConfigurationList section */
		107F6D292D199AA8001A9B4B /* Build configuration list for PBXProject "taskManager" */ = {
			isa = XCConfigurationList;
			buildConfigurations = (
				107F6D512D199AA9001A9B4B /* Debug */,
				107F6D522D199AA9001A9B4B /* Release */,
			);
			defaultConfigurationIsVisible = 0;
			defaultConfigurationName = Release;
		};
		107F6D532D199AA9001A9B4B /* Build configuration list for PBXNativeTarget "taskManager" */ = {
			isa = XCConfigurationList;
			buildConfigurations = (
				107F6D542D199AA9001A9B4B /* Debug */,
				107F6D552D199AA9001A9B4B /* Release */,
			);
			defaultConfigurationIsVisible = 0;
			defaultConfigurationName = Release;
		};
		107F6D562D199AA9001A9B4B /* Build configuration list for PBXNativeTarget "taskManagerTests" */ = {
			isa = XCConfigurationList;
			buildConfigurations = (
				107F6D572D199AA9001A9B4B /* Debug */,
				107F6D582D199AA9001A9B4B /* Release */,
			);
			defaultConfigurationIsVisible = 0;
			defaultConfigurationName = Release;
		};
		107F6D592D199AA9001A9B4B /* Build configuration list for PBXNativeTarget "taskManagerUITests" */ = {
			isa = XCConfigurationList;
			buildConfigurations = (
				107F6D5A2D199AA9001A9B4B /* Debug */,
				107F6D5B2D199AA9001A9B4B /* Release */,
			);
			defaultConfigurationIsVisible = 0;
			defaultConfigurationName = Release;
		};
/* End XCConfigurationList section */
	};
	rootObject = 107F6D262D199AA8001A9B4B /* Project object */;
}
